PODS:
  - Alloy/Core (0.14.2)
  - Alloy/Shaders (0.14.2):
    - Alloy/Core
  - SwiftMath (3.2.0)

DEPENDENCIES:
  - Alloy/Shaders (= 0.14.2)
  - SwiftMath

SPEC REPOS:
  trunk:
    - Alloy
    - SwiftMath

SPEC CHECKSUMS:
  Alloy: b03b3db64505726e491c4b41643d651ee3e766cc
  SwiftMath: d010d63f42454f782680c28df987323b08a85caa

PODFILE CHECKSUM: beb938f98bb583670de2aee4a582bea646a4e924

COCOAPODS: 1.9.3
