{
  "pins" : [
    {
      "identity" : "core-video-tools",
      "kind" : "remoteSourceControl",
      "location" : "https://github.com/eugenebokhan/core-video-tools.git",
      "state" : {
        "revision" : "6028c5ec92a0611e205b3702c6dc0fbd120a26f4",
        "version" : "0.0.5"
      }
    },
    {
      "identity" : "metal-tools",
      "kind" : "remoteSourceControl",
      "location" : "git@github.com:eugenebokhan/metal-tools.git",
      "state" : {
        "revision" : "4f965e4fd3da0b79ceca9ce07b0da501bba1fa78",
        "version" : "1.0.8"
      }
    },
    {
      "identity" : "swiftmath",
      "kind" : "remoteSourceControl",
      "location" : "https://github.com/swiftgfx/swiftmath.git",
      "state" : {
        "revision" : "13a224a655cbef1ef0e39d7d22e31a4ff6bc9937",
        "version" : "3.3.1"
      }
    }
  ],
  "version" : 2
}
